
Microsoft Visual Studio Solution File, Format Version 12.00
# Visual Studio Version 16
VisualStudioVersion = 16.0.29509.3
MinimumVisualStudioVersion = 10.0.40219.1
Project("{FAE04EC0-301F-11D3-BF4B-00C04F79EFBC}") = "OneHandBandit", "OneHandBandit.csproj", "{289931A0-0505-42EC-A644-E9E7B5BFFBB6}"
EndProject
Global
	GlobalSection(SolutionConfigurationPlatforms) = preSolution
		Debug|Any CPU = Debug|Any CPU
		Release|Any CPU = Release|Any CPU
	EndGlobalSection
	GlobalSection(ProjectConfigurationPlatforms) = postSolution
		{289931A0-0505-42EC-A644-E9E7B5BFFBB6}.Debug|Any CPU.ActiveCfg = Debug|Any CPU
		{289931A0-0505-42EC-A644-E9E7B5BFFBB6}.Debug|Any CPU.Build.0 = Debug|Any CPU
		{289931A0-0505-42EC-A644-E9E7B5BFFBB6}.Release|Any CPU.ActiveCfg = Release|Any CPU
		{289931A0-0505-42EC-A644-E9E7B5BFFBB6}.Release|Any CPU.Build.0 = Release|Any CPU
	EndGlobalSection
	GlobalSection(SolutionProperties) = preSolution
		HideSolutionNode = FALSE
	EndGlobalSection
	GlobalSection(ExtensibilityGlobals) = postSolution
		SolutionGuid = {549E156E-BE13-4879-BC2E-933782EFA070}
	EndGlobalSection
EndGlobal
